
Microsoft Visual Studio Solution File, Format Version 12.00
# Visual Studio Version 17
VisualStudioVersion = 17.2.32616.157
MinimumVisualStudioVersion = 10.0.40219.1
Project("{FAE04EC0-301F-11D3-BF4B-00C04F79EFBC}") = "FormMercado", "FormMercado\FormMercado.csproj", "{3455348E-F196-4102-9547-57B3F5D94C3B}"
EndProject
Global
	GlobalSection(SolutionConfigurationPlatforms) = preSolution
		Debug|Any CPU = Debug|Any CPU
		Release|Any CPU = Release|Any CPU
	EndGlobalSection
	GlobalSection(ProjectConfigurationPlatforms) = postSolution
		{3455348E-F196-4102-9547-57B3F5D94C3B}.Debug|Any CPU.ActiveCfg = Debug|Any CPU
		{3455348E-F196-4102-9547-57B3F5D94C3B}.Debug|Any CPU.Build.0 = Debug|Any CPU
		{3455348E-F196-4102-9547-57B3F5D94C3B}.Release|Any CPU.ActiveCfg = Release|Any CPU
		{3455348E-F196-4102-9547-57B3F5D94C3B}.Release|Any CPU.Build.0 = Release|Any CPU
	EndGlobalSection
	GlobalSection(SolutionProperties) = preSolution
		HideSolutionNode = FALSE
	EndGlobalSection
	GlobalSection(ExtensibilityGlobals) = postSolution
		SolutionGuid = {C0E9AA4B-95D2-46D5-B36A-80C0CE15B8AE}
	EndGlobalSection
EndGlobal
